dependencies:
- name: redis
  repository: https://charts.bitnami.com/bitnami
  version: 19.6.4
- name: kafka
  repository: https://charts.bitnami.com/bitnami
  version: 26.11.4
digest: sha256:e87b5bbdef6ac910381cae74ed407dd6df2974077d01d441dc2111f8255fc9ae
generated: "2026-03-17T10:34:51.042203199+05:30"
